
Microsoft Visual Studio Solution File, Format Version 12.00
# Visual Studio 2013
VisualStudioVersion = 12.0.31101.0
MinimumVisualStudioVersion = 10.0.40219.1
Project("{FAE04EC0-301F-11D3-BF4B-00C04F79EFBC}") = "Underloud.Common", "Underloud.Common\Underloud.Common.csproj", "{D3163E74-1B3F-4DE6-B567-AD4420836D0B}"
EndProject
Project("{FAE04EC0-301F-11D3-BF4B-00C04F79EFBC}") = "Underloud.Data", "Underloud.Data\Underloud.Data.csproj", "{3B127D10-120D-4B55-95EA-E52BC40D86FC}"
EndProject
Project("{FAE04EC0-301F-11D3-BF4B-00C04F79EFBC}") = "Underloud.Data.SqlServer", "Underloud.Data.SqlServer\Underloud.Data.SqlServer.csproj", "{7260579D-7474-4937-829D-4C245F7BFE05}"
EndProject
Project("{FAE04EC0-301F-11D3-BF4B-00C04F79EFBC}") = "Underloud.Web.Api.Models", "Underloud.Web.Api.Models\Underloud.Web.Api.Models.csproj", "{B907C188-7619-416D-BCCF-D90B03696245}"
EndProject
Project("{FAE04EC0-301F-11D3-BF4B-00C04F79EFBC}") = "Underloud.Web.Common", "Underloud.Web.Common\Underloud.Web.Common.csproj", "{0D45A233-8CDB-4DA6-9E3C-2A527D5540D8}"
EndProject
Project("{00D1A9C2-B5F0-4AF3-8072-F6C62B433612}") = "UnderloudDB", "UnderloudDB\UnderloudDB.sqlproj", "{EFA162ED-9737-4148-A0E2-13A7AC9BDB1A}"
EndProject
Project("{2150E333-8FDC-42A3-9474-1A3956D46DE8}") = "Tests", "Tests", "{595F97B0-74B9-4978-8B02-71D5088AD6C1}"
EndProject
Project("{FAE04EC0-301F-11D3-BF4B-00C04F79EFBC}") = "Underloud.Common.Tests", "Underloud.Common.Tests\Underloud.Common.Tests.csproj", "{FFD2FACC-9315-4DA7-85F3-5D76C8D61223}"
EndProject
Project("{FAE04EC0-301F-11D3-BF4B-00C04F79EFBC}") = "Underloud.Data.SqlServer.IntegrationTests", "Underloud.Data.SqlServer.IntegrationTests\Underloud.Data.SqlServer.IntegrationTests.csproj", "{5B687F15-217D-4AAA-BB0F-8DF548D51677}"
EndProject
Project("{FAE04EC0-301F-11D3-BF4B-00C04F79EFBC}") = "Underloud.Data.Tests", "Underloud.Data.Tests\Underloud.Data.Tests.csproj", "{4582C40F-AC78-4D3D-A7A4-78AE17384E12}"
EndProject
Project("{FAE04EC0-301F-11D3-BF4B-00C04F79EFBC}") = "Underloud.Web.Api.IntegrationTests", "Underloud.Web.Api.IntegrationTests\Underloud.Web.Api.IntegrationTests.csproj", "{8C799149-8F4D-43EB-8DF2-226D0DB0B514}"
EndProject
Project("{FAE04EC0-301F-11D3-BF4B-00C04F79EFBC}") = "Underloud.Web.Api.Tests", "Underloud.Web.Api.Tests\Underloud.Web.Api.Tests.csproj", "{AB97BC91-87F4-4936-8A8F-B6ED7DBBB34E}"
EndProject
Project("{FAE04EC0-301F-11D3-BF4B-00C04F79EFBC}") = "Underloud.Web.Common.Tests", "Underloud.Web.Common.Tests\Underloud.Web.Common.Tests.csproj", "{6415E0D1-91F6-4D58-B4B9-B478683CA5FB}"
EndProject
Project("{FAE04EC0-301F-11D3-BF4B-00C04F79EFBC}") = "Underloud.Web.Api", "Underloud.Web.Api\Underloud.Web.Api.csproj", "{511C50DB-E480-41CF-9FBD-A44F3952AB2A}"
EndProject
Project("{2150E333-8FDC-42A3-9474-1A3956D46DE8}") = "PublishScripts", "PublishScripts", "{B49FECF9-7B61-4237-B800-335EA87F801F}"
	ProjectSection(SolutionItems) = preProject
		PublishScripts\AzureWebsitePublishModule.psm1 = PublishScripts\AzureWebsitePublishModule.psm1
		PublishScripts\Publish-WebApplicationWebsite.ps1 = PublishScripts\Publish-WebApplicationWebsite.ps1
	EndProjectSection
EndProject
Project("{2150E333-8FDC-42A3-9474-1A3956D46DE8}") = "Configurations", "Configurations", "{0DBC84ED-0B9B-4EC3-92C2-5B934140C21E}"
	ProjectSection(SolutionItems) = preProject
		PublishScripts\Configurations\UnderloudWebApi-WAWS-dev.json = PublishScripts\Configurations\UnderloudWebApi-WAWS-dev.json
	EndProjectSection
EndProject
Global
	GlobalSection(SolutionConfigurationPlatforms) = preSolution
		Debug|Any CPU = Debug|Any CPU
		Release|Any CPU = Release|Any CPU
	EndGlobalSection
	GlobalSection(ProjectConfigurationPlatforms) = postSolution
		{D3163E74-1B3F-4DE6-B567-AD4420836D0B}.Debug|Any CPU.ActiveCfg = Debug|Any CPU
		{D3163E74-1B3F-4DE6-B567-AD4420836D0B}.Debug|Any CPU.Build.0 = Debug|Any CPU
		{D3163E74-1B3F-4DE6-B567-AD4420836D0B}.Release|Any CPU.ActiveCfg = Release|Any CPU
		{D3163E74-1B3F-4DE6-B567-AD4420836D0B}.Release|Any CPU.Build.0 = Release|Any CPU
		{3B127D10-120D-4B55-95EA-E52BC40D86FC}.Debug|Any CPU.ActiveCfg = Debug|Any CPU
		{3B127D10-120D-4B55-95EA-E52BC40D86FC}.Debug|Any CPU.Build.0 = Debug|Any CPU
		{3B127D10-120D-4B55-95EA-E52BC40D86FC}.Release|Any CPU.ActiveCfg = Release|Any CPU
		{3B127D10-120D-4B55-95EA-E52BC40D86FC}.Release|Any CPU.Build.0 = Release|Any CPU
		{7260579D-7474-4937-829D-4C245F7BFE05}.Debug|Any CPU.ActiveCfg = Debug|Any CPU
		{7260579D-7474-4937-829D-4C245F7BFE05}.Debug|Any CPU.Build.0 = Debug|Any CPU
		{7260579D-7474-4937-829D-4C245F7BFE05}.Release|Any CPU.ActiveCfg = Release|Any CPU
		{7260579D-7474-4937-829D-4C245F7BFE05}.Release|Any CPU.Build.0 = Release|Any CPU
		{B907C188-7619-416D-BCCF-D90B03696245}.Debug|Any CPU.ActiveCfg = Debug|Any CPU
		{B907C188-7619-416D-BCCF-D90B03696245}.Debug|Any CPU.Build.0 = Debug|Any CPU
		{B907C188-7619-416D-BCCF-D90B03696245}.Release|Any CPU.ActiveCfg = Release|Any CPU
		{B907C188-7619-416D-BCCF-D90B03696245}.Release|Any CPU.Build.0 = Release|Any CPU
		{0D45A233-8CDB-4DA6-9E3C-2A527D5540D8}.Debug|Any CPU.ActiveCfg = Debug|Any CPU
		{0D45A233-8CDB-4DA6-9E3C-2A527D5540D8}.Debug|Any CPU.Build.0 = Debug|Any CPU
		{0D45A233-8CDB-4DA6-9E3C-2A527D5540D8}.Release|Any CPU.ActiveCfg = Release|Any CPU
		{0D45A233-8CDB-4DA6-9E3C-2A527D5540D8}.Release|Any CPU.Build.0 = Release|Any CPU
		{EFA162ED-9737-4148-A0E2-13A7AC9BDB1A}.Debug|Any CPU.ActiveCfg = Debug|Any CPU
		{EFA162ED-9737-4148-A0E2-13A7AC9BDB1A}.Debug|Any CPU.Build.0 = Debug|Any CPU
		{EFA162ED-9737-4148-A0E2-13A7AC9BDB1A}.Debug|Any CPU.Deploy.0 = Debug|Any CPU
		{EFA162ED-9737-4148-A0E2-13A7AC9BDB1A}.Release|Any CPU.ActiveCfg = Release|Any CPU
		{EFA162ED-9737-4148-A0E2-13A7AC9BDB1A}.Release|Any CPU.Build.0 = Release|Any CPU
		{EFA162ED-9737-4148-A0E2-13A7AC9BDB1A}.Release|Any CPU.Deploy.0 = Release|Any CPU
		{FFD2FACC-9315-4DA7-85F3-5D76C8D61223}.Debug|Any CPU.ActiveCfg = Debug|Any CPU
		{FFD2FACC-9315-4DA7-85F3-5D76C8D61223}.Debug|Any CPU.Build.0 = Debug|Any CPU
		{FFD2FACC-9315-4DA7-85F3-5D76C8D61223}.Release|Any CPU.ActiveCfg = Release|Any CPU
		{FFD2FACC-9315-4DA7-85F3-5D76C8D61223}.Release|Any CPU.Build.0 = Release|Any CPU
		{5B687F15-217D-4AAA-BB0F-8DF548D51677}.Debug|Any CPU.ActiveCfg = Debug|Any CPU
		{5B687F15-217D-4AAA-BB0F-8DF548D51677}.Debug|Any CPU.Build.0 = Debug|Any CPU
		{5B687F15-217D-4AAA-BB0F-8DF548D51677}.Release|Any CPU.ActiveCfg = Release|Any CPU
		{5B687F15-217D-4AAA-BB0F-8DF548D51677}.Release|Any CPU.Build.0 = Release|Any CPU
		{4582C40F-AC78-4D3D-A7A4-78AE17384E12}.Debug|Any CPU.ActiveCfg = Debug|Any CPU
		{4582C40F-AC78-4D3D-A7A4-78AE17384E12}.Debug|Any CPU.Build.0 = Debug|Any CPU
		{4582C40F-AC78-4D3D-A7A4-78AE17384E12}.Release|Any CPU.ActiveCfg = Release|Any CPU
		{4582C40F-AC78-4D3D-A7A4-78AE17384E12}.Release|Any CPU.Build.0 = Release|Any CPU
		{8C799149-8F4D-43EB-8DF2-226D0DB0B514}.Debug|Any CPU.ActiveCfg = Debug|Any CPU
		{8C799149-8F4D-43EB-8DF2-226D0DB0B514}.Debug|Any CPU.Build.0 = Debug|Any CPU
		{8C799149-8F4D-43EB-8DF2-226D0DB0B514}.Release|Any CPU.ActiveCfg = Release|Any CPU
		{8C799149-8F4D-43EB-8DF2-226D0DB0B514}.Release|Any CPU.Build.0 = Release|Any CPU
		{AB97BC91-87F4-4936-8A8F-B6ED7DBBB34E}.Debug|Any CPU.ActiveCfg = Debug|Any CPU
		{AB97BC91-87F4-4936-8A8F-B6ED7DBBB34E}.Debug|Any CPU.Build.0 = Debug|Any CPU
		{AB97BC91-87F4-4936-8A8F-B6ED7DBBB34E}.Release|Any CPU.ActiveCfg = Release|Any CPU
		{AB97BC91-87F4-4936-8A8F-B6ED7DBBB34E}.Release|Any CPU.Build.0 = Release|Any CPU
		{6415E0D1-91F6-4D58-B4B9-B478683CA5FB}.Debug|Any CPU.ActiveCfg = Debug|Any CPU
		{6415E0D1-91F6-4D58-B4B9-B478683CA5FB}.Debug|Any CPU.Build.0 = Debug|Any CPU
		{6415E0D1-91F6-4D58-B4B9-B478683CA5FB}.Release|Any CPU.ActiveCfg = Release|Any CPU
		{6415E0D1-91F6-4D58-B4B9-B478683CA5FB}.Release|Any CPU.Build.0 = Release|Any CPU
		{511C50DB-E480-41CF-9FBD-A44F3952AB2A}.Debug|Any CPU.ActiveCfg = Debug|Any CPU
		{511C50DB-E480-41CF-9FBD-A44F3952AB2A}.Debug|Any CPU.Build.0 = Debug|Any CPU
		{511C50DB-E480-41CF-9FBD-A44F3952AB2A}.Release|Any CPU.ActiveCfg = Release|Any CPU
		{511C50DB-E480-41CF-9FBD-A44F3952AB2A}.Release|Any CPU.Build.0 = Release|Any CPU
	EndGlobalSection
	GlobalSection(SolutionProperties) = preSolution
		HideSolutionNode = FALSE
	EndGlobalSection
	GlobalSection(NestedProjects) = preSolution
		{FFD2FACC-9315-4DA7-85F3-5D76C8D61223} = {595F97B0-74B9-4978-8B02-71D5088AD6C1}
		{5B687F15-217D-4AAA-BB0F-8DF548D51677} = {595F97B0-74B9-4978-8B02-71D5088AD6C1}
		{4582C40F-AC78-4D3D-A7A4-78AE17384E12} = {595F97B0-74B9-4978-8B02-71D5088AD6C1}
		{8C799149-8F4D-43EB-8DF2-226D0DB0B514} = {595F97B0-74B9-4978-8B02-71D5088AD6C1}
		{AB97BC91-87F4-4936-8A8F-B6ED7DBBB34E} = {595F97B0-74B9-4978-8B02-71D5088AD6C1}
		{6415E0D1-91F6-4D58-B4B9-B478683CA5FB} = {595F97B0-74B9-4978-8B02-71D5088AD6C1}
		{0DBC84ED-0B9B-4EC3-92C2-5B934140C21E} = {B49FECF9-7B61-4237-B800-335EA87F801F}
	EndGlobalSection
EndGlobal
